
Microsoft Visual Studio Solution File, Format Version 11.00
# Visual Studio 2010
Project("{FAE04EC0-301F-11D3-BF4B-00C04F79EFBC}") = "Fallout Fixt developer tool", "Fallout Fixt developer tool.csproj", "{8B6F47A6-CF29-4B61-9BB7-A50C3FA82366}"
EndProject
Global
	GlobalSection(SolutionConfigurationPlatforms) = preSolution
		Debug|x86 = Debug|x86
		Release|x86 = Release|x86
	EndGlobalSection
	GlobalSection(ProjectConfigurationPlatforms) = postSolution
		{8B6F47A6-CF29-4B61-9BB7-A50C3FA82366}.Debug|x86.ActiveCfg = Release|x86
		{8B6F47A6-CF29-4B61-9BB7-A50C3FA82366}.Debug|x86.Build.0 = Release|x86
		{8B6F47A6-CF29-4B61-9BB7-A50C3FA82366}.Release|x86.ActiveCfg = Release|x86
		{8B6F47A6-CF29-4B61-9BB7-A50C3FA82366}.Release|x86.Build.0 = Release|x86
	EndGlobalSection
	GlobalSection(SolutionProperties) = preSolution
		HideSolutionNode = FALSE
	EndGlobalSection
EndGlobal
